// !$*UTF8*$!
{
	archiveVersion = 1;
	classes = {
	};
	objectVersion = 50;
	objects = {

/* Begin PBXBuildFile section */
		5B4C354FD9C67584067B2EDA /* Pods_MailCheckUITests.framework in Frameworks */ = {isa = PBXBuildFile; fileRef = CAF7C2672BB033BD37C93771 /* Pods_MailCheckUITests.framework */; };
		5D458F6420389D6E9E0B9C6A /* Pods_MailCheck.framework in Frameworks */ = {isa = PBXBuildFile; fileRef = 82BC1C16DE1FC54EEEA67F21 /* Pods_MailCheck.framework */; };
		C0F9786D21F5C3AE00C681FF /* AppDelegate.swift in Sources */ = {isa = PBXBuildFile; fileRef = C0F9786C21F5C3AE00C681FF /* AppDelegate.swift */; };
		C0F9786F21F5C3AE00C681FF /* ViewController.swift in Sources */ = {isa = PBXBuildFile; fileRef = C0F9786E21F5C3AE00C681FF /* ViewController.swift */; };
		C0F9787221F5C3AE00C681FF /* Main.storyboard in Resources */ = {isa = PBXBuildFile; fileRef = C0F9787021F5C3AE00C681FF /* Main.storyboard */; };
		C0F9787421F5C3AF00C681FF /* Assets.xcassets in Resources */ = {isa = PBXBuildFile; fileRef = C0F9787321F5C3AF00C681FF /* Assets.xcassets */; };
		C0F9787721F5C3AF00C681FF /* LaunchScreen.storyboard in Resources */ = {isa = PBXBuildFile; fileRef = C0F9787521F5C3AF00C681FF /* LaunchScreen.storyboard */; };
		C0F9788221F5C3AF00C681FF /* MailCheckTests.swift in Sources */ = {isa = PBXBuildFile; fileRef = C0F9788121F5C3AF00C681FF /* MailCheckTests.swift */; };
		C0F9788D21F5C3AF00C681FF /* MailCheckUITests.swift in Sources */ = {isa = PBXBuildFile; fileRef = C0F9788C21F5C3AF00C681FF /* MailCheckUITests.swift */; };
		D6F86BE53BF6B1FBA36FB4CD /* Pods_MailCheckTests.framework in Frameworks */ = {isa = PBXBuildFile; fileRef = C19233BA0B8245D04AF80610 /* Pods_MailCheckTests.framework */; };
/* End PBXBuildFile section */

/* Begin PBXContainerItemProxy section */
		C0F9787E21F5C3AF00C681FF /* PBXContainerItemProxy */ = {
			isa = PBXContainerItemProxy;
			containerPortal = C0F9786121F5C3AE00C681FF /* Project object */;
			proxyType = 1;
			remoteGlobalIDString = C0F9786821F5C3AE00C681FF;
			remoteInfo = MailCheck;
		};
		C0F9788921F5C3AF00C681FF /* PBXContainerItemProxy */ = {
			isa = PBXContainerItemProxy;
			containerPortal = C0F9786121F5C3AE00C681FF /* Project object */;
			proxyType = 1;
			remoteGlobalIDString = C0F9786821F5C3AE00C681FF;
			remoteInfo = MailCheck;
		};
/* End PBXContainerItemProxy section */

/* Begin PBXFileReference section */
		01E61F0F2C4BFD38AB7DB2D8 /* Pods-MailCheck.release.xcconfig */ = {isa = PBXFileReference; includeInIndex = 1; lastKnownFileType = text.xcconfig; name = "Pods-MailCheck.release.xcconfig"; path = "Pods/Target Support Files/Pods-MailCheck/Pods-MailCheck.release.xcconfig"; sourceTree = "<group>"; };
		079D9F24A0B3C33AF35B0236 /* Pods-MailCheckTests.release.xcconfig */ = {isa = PBXFileReference; includeInIndex = 1; lastKnownFileType = text.xcconfig; name = "Pods-MailCheckTests.release.xcconfig"; path = "Pods/Target Support Files/Pods-MailCheckTests/Pods-MailCheckTests.release.xcconfig"; sourceTree = "<group>"; };
		0F4831C854D446341D507E66 /* Pods-MailCheckUITests.debug.xcconfig */ = {isa = PBXFileReference; includeInIndex = 1; lastKnownFileType = text.xcconfig; name = "Pods-MailCheckUITests.debug.xcconfig"; path = "Pods/Target Support Files/Pods-MailCheckUITests/Pods-MailCheckUITests.debug.xcconfig"; sourceTree = "<group>"; };
		3132D7C409A469590AF7AC2F /* Pods-MailCheckTests.debug.xcconfig */ = {isa = PBXFileReference; includeInIndex = 1; lastKnownFileType = text.xcconfig; name = "Pods-MailCheckTests.debug.xcconfig"; path = "Pods/Target Support Files/Pods-MailCheckTests/Pods-MailCheckTests.debug.xcconfig"; sourceTree = "<group>"; };
		5A401FC0FF434C2ED1A87F4F /* Pods-MailCheckUITests.release.xcconfig */ = {isa = PBXFileReference; includeInIndex = 1; lastKnownFileType = text.xcconfig; name = "Pods-MailCheckUITests.release.xcconfig"; path = "Pods/Target Support Files/Pods-MailCheckUITests/Pods-MailCheckUITests.release.xcconfig"; sourceTree = "<group>"; };
		82BC1C16DE1FC54EEEA67F21 /* Pods_MailCheck.framework */ = {isa = PBXFileReference; explicitFileType = wrapper.framework; includeInIndex = 0; path = Pods_MailCheck.framework; sourceTree = BUILT_PRODUCTS_DIR; };
		A6A01B43227FE9F1E3D0D0ED /* Pods-MailCheck.debug.xcconfig */ = {isa = PBXFileReference; includeInIndex = 1; lastKnownFileType = text.xcconfig; name = "Pods-MailCheck.debug.xcconfig"; path = "Pods/Target Support Files/Pods-MailCheck/Pods-MailCheck.debug.xcconfig"; sourceTree = "<group>"; };
		C0F9786921F5C3AE00C681FF /* MailCheck.app */ = {isa = PBXFileReference; explicitFileType = wrapper.application; includeInIndex = 0; path = MailCheck.app; sourceTree = BUILT_PRODUCTS_DIR; };
		C0F9786C21F5C3AE00C681FF /* AppDelegate.swift */ = {isa = PBXFileReference; lastKnownFileType = sourcecode.swift; path = AppDelegate.swift; sourceTree = "<group>"; };
		C0F9786E21F5C3AE00C681FF /* ViewController.swift */ = {isa = PBXFileReference; lastKnownFileType = sourcecode.swift; path = ViewController.swift; sourceTree = "<group>"; };
		C0F9787121F5C3AE00C681FF /* Base */ = {isa = PBXFileReference; lastKnownFileType = file.storyboard; name = Base; path = Base.lproj/Main.storyboard; sourceTree = "<group>"; };
		C0F9787321F5C3AF00C681FF /* Assets.xcassets */ = {isa = PBXFileReference; lastKnownFileType = folder.assetcatalog; path = Assets.xcassets; sourceTree = "<group>"; };
		C0F9787621F5C3AF00C681FF /* Base */ = {isa = PBXFileReference; lastKnownFileType = file.storyboard; name = Base; path = Base.lproj/LaunchScreen.storyboard; sourceTree = "<group>"; };
		C0F9787821F5C3AF00C681FF /* Info.plist */ = {isa = PBXFileReference; lastKnownFileType = text.plist.xml; path = Info.plist; sourceTree = "<group>"; };
		C0F9787D21F5C3AF00C681FF /* MailCheckTests.xctest */ = {isa = PBXFileReference; explicitFileType = wrapper.cfbundle; includeInIndex = 0; path = MailCheckTests.xctest; sourceTree = BUILT_PRODUCTS_DIR; };
		C0F9788121F5C3AF00C681FF /* MailCheckTests.swift */ = {isa = PBXFileReference; lastKnownFileType = sourcecode.swift; path = MailCheckTests.swift; sourceTree = "<group>"; };
		C0F9788321F5C3AF00C681FF /* Info.plist */ = {isa = PBXFileReference; lastKnownFileType = text.plist.xml; path = Info.plist; sourceTree = "<group>"; };
		C0F9788821F5C3AF00C681FF /* MailCheckUITests.xctest */ = {isa = PBXFileReference; explicitFileType = wrapper.cfbundle; includeInIndex = 0; path = MailCheckUITests.xctest; sourceTree = BUILT_PRODUCTS_DIR; };
		C0F9788C21F5C3AF00C681FF /* MailCheckUITests.swift */ = {isa = PBXFileReference; lastKnownFileType = sourcecode.swift; path = MailCheckUITests.swift; sourceTree = "<group>"; };
		C0F9788E21F5C3AF00C681FF /* Info.plist */ = {isa = PBXFileReference; lastKnownFileType = text.plist.xml; path = Info.plist; sourceTree = "<group>"; };
		C19233BA0B8245D04AF80610 /* Pods_MailCheckTests.framework */ = {isa = PBXFileReference; explicitFileType = wrapper.framework; includeInIndex = 0; path = Pods_MailCheckTests.framework; sourceTree = BUILT_PRODUCTS_DIR; };
		CAF7C2672BB033BD37C93771 /* Pods_MailCheckUITests.framework */ = {isa = PBXFileReference; explicitFileType = wrapper.framework; includeInIndex = 0; path = Pods_MailCheckUITests.framework; sourceTree = BUILT_PRODUCTS_DIR; };
/* End PBXFileReference section */

/* Begin PBXFrameworksBuildPhase section */
		C0F9786621F5C3AE00C681FF /* Frameworks */ = {
			isa = PBXFrameworksBuildPhase;
			buildActionMask = 2147483647;
			files = (
				5D458F6420389D6E9E0B9C6A /* Pods_MailCheck.framework in Frameworks */,
			);
			runOnlyForDeploymentPostprocessing = 0;
		};
		C0F9787A21F5C3AF00C681FF /* Frameworks */ = {
			isa = PBXFrameworksBuildPhase;
			buildActionMask = 2147483647;
			files = (
				D6F86BE53BF6B1FBA36FB4CD /* Pods_MailCheckTests.framework in Frameworks */,
			);
			runOnlyForDeploymentPostprocessing = 0;
		};
		C0F9788521F5C3AF00C681FF /* Frameworks */ = {
			isa = PBXFrameworksBuildPhase;
			buildActionMask = 2147483647;
			files = (
				5B4C354FD9C67584067B2EDA /* Pods_MailCheckUITests.framework in Frameworks */,
			);
			runOnlyForDeploymentPostprocessing = 0;
		};
/* End PBXFrameworksBuildPhase section */

/* Begin PBXGroup section */
		191F45A28642E440E9840234 /* Pods */ = {
			isa = PBXGroup;
			children = (
				A6A01B43227FE9F1E3D0D0ED /* Pods-MailCheck.debug.xcconfig */,
				01E61F0F2C4BFD38AB7DB2D8 /* Pods-MailCheck.release.xcconfig */,
				3132D7C409A469590AF7AC2F /* Pods-MailCheckTests.debug.xcconfig */,
				079D9F24A0B3C33AF35B0236 /* Pods-MailCheckTests.release.xcconfig */,
				0F4831C854D446341D507E66 /* Pods-MailCheckUITests.debug.xcconfig */,
				5A401FC0FF434C2ED1A87F4F /* Pods-MailCheckUITests.release.xcconfig */,
			);
			name = Pods;
			sourceTree = "<group>";
		};
		26A418DDB42860C43371C578 /* Frameworks */ = {
			isa = PBXGroup;
			children = (
				82BC1C16DE1FC54EEEA67F21 /* Pods_MailCheck.framework */,
				C19233BA0B8245D04AF80610 /* Pods_MailCheckTests.framework */,
				CAF7C2672BB033BD37C93771 /* Pods_MailCheckUITests.framework */,
			);
			name = Frameworks;
			sourceTree = "<group>";
		};
		C0F9786021F5C3AE00C681FF = {
			isa = PBXGroup;
			children = (
				C0F9786B21F5C3AE00C681FF /* MailCheck */,
				C0F9788021F5C3AF00C681FF /* MailCheckTests */,
				C0F9788B21F5C3AF00C681FF /* MailCheckUITests */,
				C0F9786A21F5C3AE00C681FF /* Products */,
				191F45A28642E440E9840234 /* Pods */,
				26A418DDB42860C43371C578 /* Frameworks */,
			);
			sourceTree = "<group>";
		};
		C0F9786A21F5C3AE00C681FF /* Products */ = {
			isa = PBXGroup;
			children = (
				C0F9786921F5C3AE00C681FF /* MailCheck.app */,
				C0F9787D21F5C3AF00C681FF /* MailCheckTests.xctest */,
				C0F9788821F5C3AF00C681FF /* MailCheckUITests.xctest */,
			);
			name = Products;
			sourceTree = "<group>";
		};
		C0F9786B21F5C3AE00C681FF /* MailCheck */ = {
			isa = PBXGroup;
			children = (
				C0F9786C21F5C3AE00C681FF /* AppDelegate.swift */,
				C0F9786E21F5C3AE00C681FF /* ViewController.swift */,
				C0F9787021F5C3AE00C681FF /* Main.storyboard */,
				C0F9787321F5C3AF00C681FF /* Assets.xcassets */,
				C0F9787521F5C3AF00C681FF /* LaunchScreen.storyboard */,
				C0F9787821F5C3AF00C681FF /* Info.plist */,
			);
			path = MailCheck;
			sourceTree = "<group>";
		};
		C0F9788021F5C3AF00C681FF /* MailCheckTests */ = {
			isa = PBXGroup;
			children = (
				C0F9788121F5C3AF00C681FF /* MailCheckTests.swift */,
				C0F9788321F5C3AF00C681FF /* Info.plist */,
			);
			path = MailCheckTests;
			sourceTree = "<group>";
		};
		C0F9788B21F5C3AF00C681FF /* MailCheckUITests */ = {
			isa = PBXGroup;
			children = (
				C0F9788C21F5C3AF00C681FF /* MailCheckUITests.swift */,
				C0F9788E21F5C3AF00C681FF /* Info.plist */,
			);
			path = MailCheckUITests;
			sourceTree = "<group>";
		};
/* End PBXGroup section */

/* Begin PBXNativeTarget section */
		C0F9786821F5C3AE00C681FF /* MailCheck */ = {
			isa = PBXNativeTarget;
			buildConfigurationList = C0F9789121F5C3AF00C681FF /* Build configuration list for PBXNativeTarget "MailCheck" */;
			buildPhases = (
				2E9D083ED54E22A9002A0E68 /* [CP] Check Pods Manifest.lock */,
				C0F9786521F5C3AE00C681FF /* Sources */,
				C0F9786621F5C3AE00C681FF /* Frameworks */,
				C0F9786721F5C3AE00C681FF /* Resources */,
				B572BF0249A8110DF9EAE9A1 /* [CP] Embed Pods Frameworks */,
			);
			buildRules = (
			);
			dependencies = (
			);
			name = MailCheck;
			productName = MailCheck;
			productReference = C0F9786921F5C3AE00C681FF /* MailCheck.app */;
			productType = "com.apple.product-type.application";
		};
		C0F9787C21F5C3AF00C681FF /* MailCheckTests */ = {
			isa = PBXNativeTarget;
			buildConfigurationList = C0F9789421F5C3AF00C681FF /* Build configuration list for PBXNativeTarget "MailCheckTests" */;
			buildPhases = (
				8B66E1FDF38FBD8324FED0ED /* [CP] Check Pods Manifest.lock */,
				C0F9787921F5C3AF00C681FF /* Sources */,
				C0F9787A21F5C3AF00C681FF /* Frameworks */,
				C0F9787B21F5C3AF00C681FF /* Resources */,
			);
			buildRules = (
			);
			dependencies = (
				C0F9787F21F5C3AF00C681FF /* PBXTargetDependency */,
			);
			name = MailCheckTests;
			productName = MailCheckTests;
			productReference = C0F9787D21F5C3AF00C681FF /* MailCheckTests.xctest */;
			productType = "com.apple.product-type.bundle.unit-test";
		};
		C0F9788721F5C3AF00C681FF /* MailCheckUITests */ = {
			isa = PBXNativeTarget;
			buildConfigurationList = C0F9789721F5C3AF00C681FF /* Build configuration list for PBXNativeTarget "MailCheckUITests" */;
			buildPhases = (
				01C9803596A150F6AB259B16 /* [CP] Check Pods Manifest.lock */,
				C0F9788421F5C3AF00C681FF /* Sources */,
				C0F9788521F5C3AF00C681FF /* Frameworks */,
				C0F9788621F5C3AF00C681FF /* Resources */,
			);
			buildRules = (
			);
			dependencies = (
				C0F9788A21F5C3AF00C681FF /* PBXTargetDependency */,
			);
			name = MailCheckUITests;
			productName = MailCheckUITests;
			productReference = C0F9788821F5C3AF00C681FF /* MailCheckUITests.xctest */;
			productType = "com.apple.product-type.bundle.ui-testing";
		};
/* End PBXNativeTarget section */

/* Begin PBXProject section */
		C0F9786121F5C3AE00C681FF /* Project object */ = {
			isa = PBXProject;
			attributes = {
				LastSwiftUpdateCheck = 1010;
				LastUpgradeCheck = 1010;
				ORGANIZATIONNAME = "Tejaswi Tipparti";
				TargetAttributes = {
					C0F9786821F5C3AE00C681FF = {
						CreatedOnToolsVersion = 10.1;
					};
					C0F9787C21F5C3AF00C681FF = {
						CreatedOnToolsVersion = 10.1;
						TestTargetID = C0F9786821F5C3AE00C681FF;
					};
					C0F9788721F5C3AF00C681FF = {
						CreatedOnToolsVersion = 10.1;
						TestTargetID = C0F9786821F5C3AE00C681FF;
					};
				};
			};
			buildConfigurationList = C0F9786421F5C3AE00C681FF /* Build configuration list for PBXProject "MailCheck" */;
			compatibilityVersion = "Xcode 9.3";
			developmentRegion = en;
			hasScannedForEncodings = 0;
			knownRegions = (
				en,
				Base,
			);
			mainGroup = C0F9786021F5C3AE00C681FF;
			productRefGroup = C0F9786A21F5C3AE00C681FF /* Products */;
			projectDirPath = "";
			projectRoot = "";
			targets = (
				C0F9786821F5C3AE00C681FF /* MailCheck */,
				C0F9787C21F5C3AF00C681FF /* MailCheckTests */,
				C0F9788721F5C3AF00C681FF /* MailCheckUITests */,
			);
		};
/* End PBXProject section */

/* Begin PBXResourcesBuildPhase section */
		C0F9786721F5C3AE00C681FF /* Resources */ = {
			isa = PBXResourcesBuildPhase;
			buildActionMask = 2147483647;
			files = (
				C0F9787721F5C3AF00C681FF /* LaunchScreen.storyboard in Resources */,
				C0F9787421F5C3AF00C681FF /* Assets.xcassets in Resources */,
				C0F9787221F5C3AE00C681FF /* Main.storyboard in Resources */,
			);
			runOnlyForDeploymentPostprocessing = 0;
		};
		C0F9787B21F5C3AF00C681FF /* Resources */ = {
			isa = PBXResourcesBuildPhase;
			buildActionMask = 2147483647;
			files = (
			);
			runOnlyForDeploymentPostprocessing = 0;
		};
		C0F9788621F5C3AF00C681FF /* Resources */ = {
			isa = PBXResourcesBuildPhase;
			buildActionMask = 2147483647;
			files = (
			);
			runOnlyForDeploymentPostprocessing = 0;
		};
/* End PBXResourcesBuildPhase section */

/* Begin PBXShellScriptBuildPhase section */
		01C9803596A150F6AB259B16 /* [CP] Check Pods Manifest.lock */ = {
			isa = PBXShellScriptBuildPhase;
			buildActionMask = 2147483647;
			files = (
			);
			inputFileListPaths = (
			);
			inputPaths = (
				"${PODS_PODFILE_DIR_PATH}/Podfile.lock",
				"${PODS_ROOT}/Manifest.lock",
			);
			name = "[CP] Check Pods Manifest.lock";
			outputFileListPaths = (
			);
			outputPaths = (
				"$(DERIVED_FILE_DIR)/Pods-MailCheckUITests-checkManifestLockResult.txt",
			);
			runOnlyForDeploymentPostprocessing = 0;
			shellPath = /bin/sh;
			shellScript = "diff \"${PODS_PODFILE_DIR_PATH}/Podfile.lock\" \"${PODS_ROOT}/Manifest.lock\" > /dev/null\nif [ $? != 0 ] ; then\n    # print error to STDERR\n    echo \"error: The sandbox is not in sync with the Podfile.lock. Run 'pod install' or update your CocoaPods installation.\" >&2\n    exit 1\nfi\n# This output is used by Xcode 'outputs' to avoid re-running this script phase.\necho \"SUCCESS\" > \"${SCRIPT_OUTPUT_FILE_0}\"\n";
			showEnvVarsInLog = 0;
		};
		2E9D083ED54E22A9002A0E68 /* [CP] Check Pods Manifest.lock */ = {
			isa = PBXShellScriptBuildPhase;
			buildActionMask = 2147483647;
			files = (
			);
			inputFileListPaths = (
			);
			inputPaths = (
				"${PODS_PODFILE_DIR_PATH}/Podfile.lock",
				"${PODS_ROOT}/Manifest.lock",
			);
			name = "[CP] Check Pods Manifest.lock";
			outputFileListPaths = (
			);
			outputPaths = (
				"$(DERIVED_FILE_DIR)/Pods-MailCheck-checkManifestLockResult.txt",
			);
			runOnlyForDeploymentPostprocessing = 0;
			shellPath = /bin/sh;
			shellScript = "diff \"${PODS_PODFILE_DIR_PATH}/Podfile.lock\" \"${PODS_ROOT}/Manifest.lock\" > /dev/null\nif [ $? != 0 ] ; then\n    # print error to STDERR\n    echo \"error: The sandbox is not in sync with the Podfile.lock. Run 'pod install' or update your CocoaPods installation.\" >&2\n    exit 1\nfi\n# This output is used by Xcode 'outputs' to avoid re-running this script phase.\necho \"SUCCESS\" > \"${SCRIPT_OUTPUT_FILE_0}\"\n";
			showEnvVarsInLog = 0;
		};
		8B66E1FDF38FBD8324FED0ED /* [CP] Check Pods Manifest.lock */ = {
			isa = PBXShellScriptBuildPhase;
			buildActionMask = 2147483647;
			files = (
			);
			inputFileListPaths = (
			);
			inputPaths = (
				"${PODS_PODFILE_DIR_PATH}/Podfile.lock",
				"${PODS_ROOT}/Manifest.lock",
			);
			name = "[CP] Check Pods Manifest.lock";
			outputFileListPaths = (
			);
			outputPaths = (
				"$(DERIVED_FILE_DIR)/Pods-MailCheckTests-checkManifestLockResult.txt",
			);
			runOnlyForDeploymentPostprocessing = 0;
			shellPath = /bin/sh;
			shellScript = "diff \"${PODS_PODFILE_DIR_PATH}/Podfile.lock\" \"${PODS_ROOT}/Manifest.lock\" > /dev/null\nif [ $? != 0 ] ; then\n    # print error to STDERR\n    echo \"error: The sandbox is not in sync with the Podfile.lock. Run 'pod install' or update your CocoaPods installation.\" >&2\n    exit 1\nfi\n# This output is used by Xcode 'outputs' to avoid re-running this script phase.\necho \"SUCCESS\" > \"${SCRIPT_OUTPUT_FILE_0}\"\n";
			showEnvVarsInLog = 0;
		};
		B572BF0249A8110DF9EAE9A1 /* [CP] Embed Pods Frameworks */ = {
			isa = PBXShellScriptBuildPhase;
			buildActionMask = 2147483647;
			files = (
			);
			inputFileListPaths = (
			);
			inputPaths = (
				"${SRCROOT}/Pods/Target Support Files/Pods-MailCheck/Pods-MailCheck-frameworks.sh",
				"${BUILT_PRODUCTS_DIR}/IQKeyboardManagerSwift/IQKeyboardManagerSwift.framework",
			);
			name = "[CP] Embed Pods Frameworks";
			outputFileListPaths = (
			);
			outputPaths = (
				"${TARGET_BUILD_DIR}/${FRAMEWORKS_FOLDER_PATH}/IQKeyboardManagerSwift.framework",
			);
			runOnlyForDeploymentPostprocessing = 0;
			shellPath = /bin/sh;
			shellScript = "\"${SRCROOT}/Pods/Target Support Files/Pods-MailCheck/Pods-MailCheck-frameworks.sh\"\n";
			showEnvVarsInLog = 0;
		};
/* End PBXShellScriptBuildPhase section */

/* Begin PBXSourcesBuildPhase section */
		C0F9786521F5C3AE00C681FF /* Sources */ = {
			isa = PBXSourcesBuildPhase;
			buildActionMask = 2147483647;
			files = (
				C0F9786F21F5C3AE00C681FF /* ViewController.swift in Sources */,
				C0F9786D21F5C3AE00C681FF /* AppDelegate.swift in Sources */,
			);
			runOnlyForDeploymentPostprocessing = 0;
		};
		C0F9787921F5C3AF00C681FF /* Sources */ = {
			isa = PBXSourcesBuildPhase;
			buildActionMask = 2147483647;
			files = (
				C0F9788221F5C3AF00C681FF /* MailCheckTests.swift in Sources */,
			);
			runOnlyForDeploymentPostprocessing = 0;
		};
		C0F9788421F5C3AF00C681FF /* Sources */ = {
			isa = PBXSourcesBuildPhase;
			buildActionMask = 2147483647;
			files = (
				C0F9788D21F5C3AF00C681FF /* MailCheckUITests.swift in Sources */,
			);
			runOnlyForDeploymentPostprocessing = 0;
		};
/* End PBXSourcesBuildPhase section */

/* Begin PBXTargetDependency section */
		C0F9787F21F5C3AF00C681FF /* PBXTargetDependency */ = {
			isa = PBXTargetDependency;
			target = C0F9786821F5C3AE00C681FF /* MailCheck */;
			targetProxy = C0F9787E21F5C3AF00C681FF /* PBXContainerItemProxy */;
		};
		C0F9788A21F5C3AF00C681FF /* PBXTargetDependency */ = {
			isa = PBXTargetDependency;
			target = C0F9786821F5C3AE00C681FF /* MailCheck */;
			targetProxy = C0F9788921F5C3AF00C681FF /* PBXContainerItemProxy */;
		};
/* End PBXTargetDependency section */

/* Begin PBXVariantGroup section */
		C0F9787021F5C3AE00C681FF /* Main.storyboard */ = {
			isa = PBXVariantGroup;
			children = (
				C0F9787121F5C3AE00C681FF /* Base */,
			);
			name = Main.storyboard;
			sourceTree = "<group>";
		};
		C0F9787521F5C3AF00C681FF /* LaunchScreen.storyboard */ = {
			isa = PBXVariantGroup;
			children = (
				C0F9787621F5C3AF00C681FF /* Base */,
			);
			name = LaunchScreen.storyboard;
			sourceTree = "<group>";
		};
/* End PBXVariantGroup section */

/* Begin XCBuildConfiguration section */
		C0F9788F21F5C3AF00C681FF /* Debug */ = {
			isa = XCBuildConfiguration;
			buildSettings = {
				ALWAYS_SEARCH_USER_PATHS = NO;
				CLANG_ANALYZER_NONNULL = YES;
				CLANG_ANALYZER_NUMBER_OBJECT_CONVERSION = YES_AGGRESSIVE;
				CLANG_CXX_LANGUAGE_STANDARD = "gnu++14";
				CLANG_CXX_LIBRARY = "libc++";
				CLANG_ENABLE_MODULES = YES;
				CLANG_ENABLE_OBJC_ARC = YES;
				CLANG_ENABLE_OBJC_WEAK = YES;
				CLANG_WARN_BLOCK_CAPTURE_AUTORELEASING = YES;
				CLANG_WARN_BOOL_CONVERSION = YES;
				CLANG_WARN_COMMA = YES;
				CLANG_WARN_CONSTANT_CONVERSION = YES;
				CLANG_WARN_DEPRECATED_OBJC_IMPLEMENTATIONS = YES;
				CLANG_WARN_DIRECT_OBJC_ISA_USAGE = YES_ERROR;
				CLANG_WARN_DOCUMENTATION_COMMENTS = YES;
				CLANG_WARN_EMPTY_BODY = YES;
				CLANG_WARN_ENUM_CONVERSION = YES;
				CLANG_WARN_INFINITE_RECURSION = YES;
				CLANG_WARN_INT_CONVERSION = YES;
				CLANG_WARN_NON_LITERAL_NULL_CONVERSION = YES;
				CLANG_WARN_OBJC_IMPLICIT_RETAIN_SELF = YES;
				CLANG_WARN_OBJC_LITERAL_CONVERSION = YES;
				CLANG_WARN_OBJC_ROOT_CLASS = YES_ERROR;
				CLANG_WARN_RANGE_LOOP_ANALYSIS = YES;
				CLANG_WARN_STRICT_PROTOTYPES = YES;
				CLANG_WARN_SUSPICIOUS_MOVE = YES;
				CLANG_WARN_UNGUARDED_AVAILABILITY = YES_AGGRESSIVE;
				CLANG_WARN_UNREACHABLE_CODE = YES;
				CLANG_WARN__DUPLICATE_METHOD_MATCH = YES;
				CODE_SIGN_IDENTITY = "iPhone Developer";
				COPY_PHASE_STRIP = NO;
				DEBUG_INFORMATION_FORMAT = dwarf;
				ENABLE_STRICT_OBJC_MSGSEND = YES;
				ENABLE_TESTABILITY = YES;
				GCC_C_LANGUAGE_STANDARD = gnu11;
				GCC_DYNAMIC_NO_PIC = NO;
				GCC_NO_COMMON_BLOCKS = YES;
				GCC_OPTIMIZATION_LEVEL = 0;
				GCC_PREPROCESSOR_DEFINITIONS = (
					"DEBUG=1",
					"$(inherited)",
				);
				GCC_WARN_64_TO_32_BIT_CONVERSION = YES;
				GCC_WARN_ABOUT_RETURN_TYPE = YES_ERROR;
				GCC_WARN_UNDECLARED_SELECTOR = YES;
				GCC_WARN_UNINITIALIZED_AUTOS = YES_AGGRESSIVE;
				GCC_WARN_UNUSED_FUNCTION = YES;
				GCC_WARN_UNUSED_VARIABLE = YES;
				IPHONEOS_DEPLOYMENT_TARGET = 12.1;
				MTL_ENABLE_DEBUG_INFO = INCLUDE_SOURCE;
				MTL_FAST_MATH = YES;
				ONLY_ACTIVE_ARCH = YES;
				SDKROOT = iphoneos;
				SWIFT_ACTIVE_COMPILATION_CONDITIONS = DEBUG;
				SWIFT_OPTIMIZATION_LEVEL = "-Onone";
			};
			name = Debug;
		};
		C0F9789021F5C3AF00C681FF /* Release */ = {
			isa = XCBuildConfiguration;
			buildSettings = {
				ALWAYS_SEARCH_USER_PATHS = NO;
				CLANG_ANALYZER_NONNULL = YES;
				CLANG_ANALYZER_NUMBER_OBJECT_CONVERSION = YES_AGGRESSIVE;
				CLANG_CXX_LANGUAGE_STANDARD = "gnu++14";
				CLANG_CXX_LIBRARY = "libc++";
				CLANG_ENABLE_MODULES = YES;
				CLANG_ENABLE_OBJC_ARC = YES;
				CLANG_ENABLE_OBJC_WEAK = YES;
				CLANG_WARN_BLOCK_CAPTURE_AUTORELEASING = YES;
				CLANG_WARN_BOOL_CONVERSION = YES;
				CLANG_WARN_COMMA = YES;
				CLANG_WARN_CONSTANT_CONVERSION = YES;
				CLANG_WARN_DEPRECATED_OBJC_IMPLEMENTATIONS = YES;
				CLANG_WARN_DIRECT_OBJC_ISA_USAGE = YES_ERROR;
				CLANG_WARN_DOCUMENTATION_COMMENTS = YES;
				CLANG_WARN_EMPTY_BODY = YES;
				CLANG_WARN_ENUM_CONVERSION = YES;
				CLANG_WARN_INFINITE_RECURSION = YES;
				CLANG_WARN_INT_CONVERSION = YES;
				CLANG_WARN_NON_LITERAL_NULL_CONVERSION = YES;
				CLANG_WARN_OBJC_IMPLICIT_RETAIN_SELF = YES;
				CLANG_WARN_OBJC_LITERAL_CONVERSION = YES;
				CLANG_WARN_OBJC_ROOT_CLASS = YES_ERROR;
				CLANG_WARN_RANGE_LOOP_ANALYSIS = YES;
				CLANG_WARN_STRICT_PROTOTYPES = YES;
				CLANG_WARN_SUSPICIOUS_MOVE = YES;
				CLANG_WARN_UNGUARDED_AVAILABILITY = YES_AGGRESSIVE;
				CLANG_WARN_UNREACHABLE_CODE = YES;
				CLANG_WARN__DUPLICATE_METHOD_MATCH = YES;
				CODE_SIGN_IDENTITY = "iPhone Developer";
				COPY_PHASE_STRIP = NO;
				DEBUG_INFORMATION_FORMAT = "dwarf-with-dsym";
				ENABLE_NS_ASSERTIONS = NO;
				ENABLE_STRICT_OBJC_MSGSEND = YES;
				GCC_C_LANGUAGE_STANDARD = gnu11;
				GCC_NO_COMMON_BLOCKS = YES;
				GCC_WARN_64_TO_32_BIT_CONVERSION = YES;
				GCC_WARN_ABOUT_RETURN_TYPE = YES_ERROR;
				GCC_WARN_UNDECLARED_SELECTOR = YES;
				GCC_WARN_UNINITIALIZED_AUTOS = YES_AGGRESSIVE;
				GCC_WARN_UNUSED_FUNCTION = YES;
				GCC_WARN_UNUSED_VARIABLE = YES;
				IPHONEOS_DEPLOYMENT_TARGET = 12.1;
				MTL_ENABLE_DEBUG_INFO = NO;
				MTL_FAST_MATH = YES;
				SDKROOT = iphoneos;
				SWIFT_COMPILATION_MODE = wholemodule;
				SWIFT_OPTIMIZATION_LEVEL = "-O";
				VALIDATE_PRODUCT = YES;
			};
			name = Release;
		};
		C0F9789221F5C3AF00C681FF /* Debug */ = {
			isa = XCBuildConfiguration;
			baseConfigurationReference = A6A01B43227FE9F1E3D0D0ED /* Pods-MailCheck.debug.xcconfig */;
			buildSettings = {
				ASSETCATALOG_COMPILER_APPICON_NAME = AppIcon;
				CODE_SIGN_STYLE = Automatic;
				DEVELOPMENT_TEAM = Z43UW9YMF9;
				INFOPLIST_FILE = MailCheck/Info.plist;
				LD_RUNPATH_SEARCH_PATHS = (
					"$(inherited)",
					"@executable_path/Frameworks",
				);
				PRODUCT_BUNDLE_IDENTIFIER = com.neetable.MailCheck;
				PRODUCT_NAME = "$(TARGET_NAME)";
				SWIFT_VERSION = 4.2;
				TARGETED_DEVICE_FAMILY = "1,2";
			};
			name = Debug;
		};
		C0F9789321F5C3AF00C681FF /* Release */ = {
			isa = XCBuildConfiguration;
			baseConfigurationReference = 01E61F0F2C4BFD38AB7DB2D8 /* Pods-MailCheck.release.xcconfig */;
			buildSettings = {
				ASSETCATALOG_COMPILER_APPICON_NAME = AppIcon;
				CODE_SIGN_STYLE = Automatic;
				DEVELOPMENT_TEAM = Z43UW9YMF9;
				INFOPLIST_FILE = MailCheck/Info.plist;
				LD_RUNPATH_SEARCH_PATHS = (
					"$(inherited)",
					"@executable_path/Frameworks",
				);
				PRODUCT_BUNDLE_IDENTIFIER = com.neetable.MailCheck;
				PRODUCT_NAME = "$(TARGET_NAME)";
				SWIFT_VERSION = 4.2;
				TARGETED_DEVICE_FAMILY = "1,2";
			};
			name = Release;
		};
		C0F9789521F5C3AF00C681FF /* Debug */ = {
			isa = XCBuildConfiguration;
			baseConfigurationReference = 3132D7C409A469590AF7AC2F /* Pods-MailCheckTests.debug.xcconfig */;
			buildSettings = {
				ALWAYS_EMBED_SWIFT_STANDARD_LIBRARIES = YES;
				BUNDLE_LOADER = "$(TEST_HOST)";
				CODE_SIGN_STYLE = Automatic;
				DEVELOPMENT_TEAM = Z43UW9YMF9;
				INFOPLIST_FILE = MailCheckTests/Info.plist;
				LD_RUNPATH_SEARCH_PATHS = (
					"$(inherited)",
					"@executable_path/Frameworks",
					"@loader_path/Frameworks",
				);
				PRODUCT_BUNDLE_IDENTIFIER = com.neetable.MailCheckTests;
				PRODUCT_NAME = "$(TARGET_NAME)";
				SWIFT_VERSION = 4.2;
				TARGETED_DEVICE_FAMILY = "1,2";
				TEST_HOST = "$(BUILT_PRODUCTS_DIR)/MailCheck.app/MailCheck";
			};
			name = Debug;
		};
		C0F9789621F5C3AF00C681FF /* Release */ = {
			isa = XCBuildConfiguration;
			baseConfigurationReference = 079D9F24A0B3C33AF35B0236 /* Pods-MailCheckTests.release.xcconfig */;
			buildSettings = {
				ALWAYS_EMBED_SWIFT_STANDARD_LIBRARIES = YES;
				BUNDLE_LOADER = "$(TEST_HOST)";
				CODE_SIGN_STYLE = Automatic;
				DEVELOPMENT_TEAM = Z43UW9YMF9;
				INFOPLIST_FILE = MailCheckTests/Info.plist;
				LD_RUNPATH_SEARCH_PATHS = (
					"$(inherited)",
					"@executable_path/Frameworks",
					"@loader_path/Frameworks",
				);
				PRODUCT_BUNDLE_IDENTIFIER = com.neetable.MailCheckTests;
				PRODUCT_NAME = "$(TARGET_NAME)";
				SWIFT_VERSION = 4.2;
				TARGETED_DEVICE_FAMILY = "1,2";
				TEST_HOST = "$(BUILT_PRODUCTS_DIR)/MailCheck.app/MailCheck";
			};
			name = Release;
		};
		C0F9789821F5C3AF00C681FF /* Debug */ = {
			isa = XCBuildConfiguration;
			baseConfigurationReference = 0F4831C854D446341D507E66 /* Pods-MailCheckUITests.debug.xcconfig */;
			buildSettings = {
				ALWAYS_EMBED_SWIFT_STANDARD_LIBRARIES = YES;
				CODE_SIGN_STYLE = Automatic;
				DEVELOPMENT_TEAM = Z43UW9YMF9;
				INFOPLIST_FILE = MailCheckUITests/Info.plist;
				LD_RUNPATH_SEARCH_PATHS = (
					"$(inherited)",
					"@executable_path/Frameworks",
					"@loader_path/Frameworks",
				);
				PRODUCT_BUNDLE_IDENTIFIER = com.neetable.MailCheckUITests;
				PRODUCT_NAME = "$(TARGET_NAME)";
				SWIFT_VERSION = 4.2;
				TARGETED_DEVICE_FAMILY = "1,2";
				TEST_TARGET_NAME = MailCheck;
			};
			name = Debug;
		};
		C0F9789921F5C3AF00C681FF /* Release */ = {
			isa = XCBuildConfiguration;
			baseConfigurationReference = 5A401FC0FF434C2ED1A87F4F /* Pods-MailCheckUITests.release.xcconfig */;
			buildSettings = {
				ALWAYS_EMBED_SWIFT_STANDARD_LIBRARIES = YES;
				CODE_SIGN_STYLE = Automatic;
				DEVELOPMENT_TEAM = Z43UW9YMF9;
				INFOPLIST_FILE = MailCheckUITests/Info.plist;
				LD_RUNPATH_SEARCH_PATHS = (
					"$(inherited)",
					"@executable_path/Frameworks",
					"@loader_path/Frameworks",
				);
				PRODUCT_BUNDLE_IDENTIFIER = com.neetable.MailCheckUITests;
				PRODUCT_NAME = "$(TARGET_NAME)";
				SWIFT_VERSION = 4.2;
				TARGETED_DEVICE_FAMILY = "1,2";
				TEST_TARGET_NAME = MailCheck;
			};
			name = Release;
		};
/* End XCBuildConfiguration section */

/* Begin XCConfigurationList section */
		C0F9786421F5C3AE00C681FF /* Build configuration list for PBXProject "MailCheck" */ = {
			isa = XCConfigurationList;
			buildConfigurations = (
				C0F9788F21F5C3AF00C681FF /* Debug */,
				C0F9789021F5C3AF00C681FF /* Release */,
			);
			defaultConfigurationIsVisible = 0;
			defaultConfigurationName = Release;
		};
		C0F9789121F5C3AF00C681FF /* Build configuration list for PBXNativeTarget "MailCheck" */ = {
			isa = XCConfigurationList;
			buildConfigurations = (
				C0F9789221F5C3AF00C681FF /* Debug */,
				C0F9789321F5C3AF00C681FF /* Release */,
			);
			defaultConfigurationIsVisible = 0;
			defaultConfigurationName = Release;
		};
		C0F9789421F5C3AF00C681FF /* Build configuration list for PBXNativeTarget "MailCheckTests" */ = {
			isa = XCConfigurationList;
			buildConfigurations = (
				C0F9789521F5C3AF00C681FF /* Debug */,
				C0F9789621F5C3AF00C681FF /* Release */,
			);
			defaultConfigurationIsVisible = 0;
			defaultConfigurationName = Release;
		};
		C0F9789721F5C3AF00C681FF /* Build configuration list for PBXNativeTarget "MailCheckUITests" */ = {
			isa = XCConfigurationList;
			buildConfigurations = (
				C0F9789821F5C3AF00C681FF /* Debug */,
				C0F9789921F5C3AF00C681FF /* Release */,
			);
			defaultConfigurationIsVisible = 0;
			defaultConfigurationName = Release;
		};
/* End XCConfigurationList section */
	};
	rootObject = C0F9786121F5C3AE00C681FF /* Project object */;
}
